
Microsoft Visual Studio Solution File, Format Version 12.00
# Visual Studio Version 17
VisualStudioVersion = 17.12.35707.178 d17.12
MinimumVisualStudioVersion = 10.0.40219.1
Project("{FAE04EC0-301F-11D3-BF4B-00C04F79EFBC}") = "Api_Becas", "Api_Becas.csproj", "{DF18F0B5-CCD0-4B70-B89D-1269F258CF52}"
EndProject
Global
	GlobalSection(SolutionConfigurationPlatforms) = preSolution
		Debug|Any CPU = Debug|Any CPU
		Release|Any CPU = Release|Any CPU
	EndGlobalSection
	GlobalSection(ProjectConfigurationPlatforms) = postSolution
		{DF18F0B5-CCD0-4B70-B89D-1269F258CF52}.Debug|Any CPU.ActiveCfg = Debug|Any CPU
		{DF18F0B5-CCD0-4B70-B89D-1269F258CF52}.Debug|Any CPU.Build.0 = Debug|Any CPU
		{DF18F0B5-CCD0-4B70-B89D-1269F258CF52}.Release|Any CPU.ActiveCfg = Release|Any CPU
		{DF18F0B5-CCD0-4B70-B89D-1269F258CF52}.Release|Any CPU.Build.0 = Release|Any CPU
	EndGlobalSection
	GlobalSection(SolutionProperties) = preSolution
		HideSolutionNode = FALSE
	EndGlobalSection
EndGlobal
